
Microsoft Visual Studio Solution File, Format Version 12.00
Project("{FAE04EC0-301F-11D3-BF4B-00C04F79EFBC}") = "OpenBeerMenu", "OpenBeerMenu\OpenBeerMenu.csproj", "{338EC244-59B6-4840-A872-EC07A923B830}"
EndProject
Global
	GlobalSection(SolutionConfigurationPlatforms) = preSolution
		Debug|Any CPU = Debug|Any CPU
		Release|Any CPU = Release|Any CPU
	EndGlobalSection
	GlobalSection(ProjectConfigurationPlatforms) = postSolution
		{338EC244-59B6-4840-A872-EC07A923B830}.Debug|Any CPU.ActiveCfg = Debug|Any CPU
		{338EC244-59B6-4840-A872-EC07A923B830}.Debug|Any CPU.Build.0 = Debug|Any CPU
		{338EC244-59B6-4840-A872-EC07A923B830}.Release|Any CPU.ActiveCfg = Release|Any CPU
		{338EC244-59B6-4840-A872-EC07A923B830}.Release|Any CPU.Build.0 = Release|Any CPU
	EndGlobalSection
EndGlobal
